
Microsoft Visual Studio Solution File, Format Version 12.00
# Visual Studio 15
VisualStudioVersion = 15.0.28307.329
MinimumVisualStudioVersion = 10.0.40219.1
Project("{9A19103F-16F7-4668-BE54-9A1E7A4F7556}") = "loginApi", "loginApi.csproj", "{3AFD57EE-1353-480F-AB46-39A4DC738C23}"
EndProject
Global
	GlobalSection(SolutionConfigurationPlatforms) = preSolution
		Debug|Any CPU = Debug|Any CPU
		Release|Any CPU = Release|Any CPU
	EndGlobalSection
	GlobalSection(ProjectConfigurationPlatforms) = postSolution
		{3AFD57EE-1353-480F-AB46-39A4DC738C23}.Debug|Any CPU.ActiveCfg = Debug|Any CPU
		{3AFD57EE-1353-480F-AB46-39A4DC738C23}.Debug|Any CPU.Build.0 = Debug|Any CPU
		{3AFD57EE-1353-480F-AB46-39A4DC738C23}.Release|Any CPU.ActiveCfg = Release|Any CPU
		{3AFD57EE-1353-480F-AB46-39A4DC738C23}.Release|Any CPU.Build.0 = Release|Any CPU
	EndGlobalSection
	GlobalSection(SolutionProperties) = preSolution
		HideSolutionNode = FALSE
	EndGlobalSection
	GlobalSection(ExtensibilityGlobals) = postSolution
		SolutionGuid = {A45F3B6F-8F4C-4AAE-B20F-93051B10FDAD}
	EndGlobalSection
EndGlobal
